
Microsoft Visual Studio Solution File, Format Version 12.00
# Visual Studio Version 17
VisualStudioVersion = 17.9.34728.123
MinimumVisualStudioVersion = 10.0.40219.1
Project("{FAE04EC0-301F-11D3-BF4B-00C04F79EFBC}") = "WordGuessApplication", "WordGuessApplication\WordGuessApplication.csproj", "{73C13D5E-4838-4280-93E9-D87DF88FE140}"
EndProject
Global
	GlobalSection(SolutionConfigurationPlatforms) = preSolution
		Debug|Any CPU = Debug|Any CPU
		Release|Any CPU = Release|Any CPU
	EndGlobalSection
	GlobalSection(ProjectConfigurationPlatforms) = postSolution
		{73C13D5E-4838-4280-93E9-D87DF88FE140}.Debug|Any CPU.ActiveCfg = Debug|Any CPU
		{73C13D5E-4838-4280-93E9-D87DF88FE140}.Debug|Any CPU.Build.0 = Debug|Any CPU
		{73C13D5E-4838-4280-93E9-D87DF88FE140}.Release|Any CPU.ActiveCfg = Release|Any CPU
		{73C13D5E-4838-4280-93E9-D87DF88FE140}.Release|Any CPU.Build.0 = Release|Any CPU
	EndGlobalSection
	GlobalSection(SolutionProperties) = preSolution
		HideSolutionNode = FALSE
	EndGlobalSection
	GlobalSection(ExtensibilityGlobals) = postSolution
		SolutionGuid = {E747CD23-44CF-4F0A-B4F4-BE5C9CBAAF20}
	EndGlobalSection
EndGlobal
